
Microsoft Visual Studio Solution File, Format Version 12.00
# Visual Studio Version 17
VisualStudioVersion = 17.0.31903.59
MinimumVisualStudioVersion = 10.0.40219.1
Project("{FAE04EC0-301F-11D3-BF4B-00C04F79EFBC}") = "FinanceAssistant.API", "FinanceAssistant.API\FinanceAssistant.API.csproj", "{1531C0DB-FF7B-47E6-937C-7DE370F1837F}"
EndProject
Global
	GlobalSection(SolutionConfigurationPlatforms) = preSolution
		Debug|Any CPU = Debug|Any CPU
		Release|Any CPU = Release|Any CPU
	EndGlobalSection
	GlobalSection(SolutionProperties) = preSolution
		HideSolutionNode = FALSE
	EndGlobalSection
	GlobalSection(ProjectConfigurationPlatforms) = postSolution
		{1531C0DB-FF7B-47E6-937C-7DE370F1837F}.Debug|Any CPU.ActiveCfg = Debug|Any CPU
		{1531C0DB-FF7B-47E6-937C-7DE370F1837F}.Debug|Any CPU.Build.0 = Debug|Any CPU
		{1531C0DB-FF7B-47E6-937C-7DE370F1837F}.Release|Any CPU.ActiveCfg = Release|Any CPU
		{1531C0DB-FF7B-47E6-937C-7DE370F1837F}.Release|Any CPU.Build.0 = Release|Any CPU
	EndGlobalSection
EndGlobal
